
Microsoft Visual Studio Solution File, Format Version 12.00
# Visual Studio Version 17
VisualStudioVersion = 17.12.35521.163
MinimumVisualStudioVersion = 10.0.40219.1
Project("{2150E333-8FDC-42A3-9474-1A3956D46DE8}") = "MicroService", "MicroService", "{E423E663-74B9-4A6F-A32F-39ACF3AC1D5D}"
EndProject
Project("{FAE04EC0-301F-11D3-BF4B-00C04F79EFBC}") = "Customer.Microservice.API", "Customer.Microservice.API\Customer.Microservice.API.csproj", "{A6896F75-4AF6-4D15-9E56-0D9E21F09505}"
EndProject
Project("{FAE04EC0-301F-11D3-BF4B-00C04F79EFBC}") = "Product.Microservice.API", "Product.Microservice.API\Product.Microservice.API.csproj", "{40309784-0255-449F-861F-4CC7449C6214}"
EndProject
Project("{FAE04EC0-301F-11D3-BF4B-00C04F79EFBC}") = "Gateway.API", "Gateway.API\Gateway.API.csproj", "{F5A144EC-364D-418D-AB89-A7F6115C1379}"
EndProject
Global
	GlobalSection(SolutionConfigurationPlatforms) = preSolution
		Debug|Any CPU = Debug|Any CPU
		Release|Any CPU = Release|Any CPU
	EndGlobalSection
	GlobalSection(ProjectConfigurationPlatforms) = postSolution
		{A6896F75-4AF6-4D15-9E56-0D9E21F09505}.Debug|Any CPU.ActiveCfg = Debug|Any CPU
		{A6896F75-4AF6-4D15-9E56-0D9E21F09505}.Debug|Any CPU.Build.0 = Debug|Any CPU
		{A6896F75-4AF6-4D15-9E56-0D9E21F09505}.Release|Any CPU.ActiveCfg = Release|Any CPU
		{A6896F75-4AF6-4D15-9E56-0D9E21F09505}.Release|Any CPU.Build.0 = Release|Any CPU
		{40309784-0255-449F-861F-4CC7449C6214}.Debug|Any CPU.ActiveCfg = Debug|Any CPU
		{40309784-0255-449F-861F-4CC7449C6214}.Debug|Any CPU.Build.0 = Debug|Any CPU
		{40309784-0255-449F-861F-4CC7449C6214}.Release|Any CPU.ActiveCfg = Release|Any CPU
		{40309784-0255-449F-861F-4CC7449C6214}.Release|Any CPU.Build.0 = Release|Any CPU
		{F5A144EC-364D-418D-AB89-A7F6115C1379}.Debug|Any CPU.ActiveCfg = Debug|Any CPU
		{F5A144EC-364D-418D-AB89-A7F6115C1379}.Debug|Any CPU.Build.0 = Debug|Any CPU
		{F5A144EC-364D-418D-AB89-A7F6115C1379}.Release|Any CPU.ActiveCfg = Release|Any CPU
		{F5A144EC-364D-418D-AB89-A7F6115C1379}.Release|Any CPU.Build.0 = Release|Any CPU
	EndGlobalSection
	GlobalSection(SolutionProperties) = preSolution
		HideSolutionNode = FALSE
	EndGlobalSection
	GlobalSection(NestedProjects) = preSolution
		{A6896F75-4AF6-4D15-9E56-0D9E21F09505} = {E423E663-74B9-4A6F-A32F-39ACF3AC1D5D}
		{40309784-0255-449F-861F-4CC7449C6214} = {E423E663-74B9-4A6F-A32F-39ACF3AC1D5D}
	EndGlobalSection
EndGlobal
